
Microsoft Visual Studio Solution File, Format Version 12.00
# Visual Studio Version 17
VisualStudioVersion = 17.13.35919.96 d17.13
MinimumVisualStudioVersion = 10.0.40219.1
Project("{8BC9CEB8-8B4A-11D0-8D11-00A0C91BC942}") = "BTree", "BTree\BTree.vcxproj", "{50934926-BB81-4CE7-9EC9-E3050A5858CA}"
EndProject
Project("{8BC9CEB8-8B4A-11D0-8D11-00A0C91BC942}") = "BPlusTree", "BPlusTree\BPlusTree.vcxproj", "{9104E04A-6BDF-4416-9DE0-50D2E949D311}"
EndProject
Global
	GlobalSection(SolutionConfigurationPlatforms) = preSolution
		Debug|x64 = Debug|x64
		Debug|x86 = Debug|x86
		Release|x64 = Release|x64
		Release|x86 = Release|x86
	EndGlobalSection
	GlobalSection(ProjectConfigurationPlatforms) = postSolution
		{50934926-BB81-4CE7-9EC9-E3050A5858CA}.Debug|x64.ActiveCfg = Debug|x64
		{50934926-BB81-4CE7-9EC9-E3050A5858CA}.Debug|x64.Build.0 = Debug|x64
		{50934926-BB81-4CE7-9EC9-E3050A5858CA}.Debug|x86.ActiveCfg = Debug|Win32
		{50934926-BB81-4CE7-9EC9-E3050A5858CA}.Debug|x86.Build.0 = Debug|Win32
		{50934926-BB81-4CE7-9EC9-E3050A5858CA}.Release|x64.ActiveCfg = Release|x64
		{50934926-BB81-4CE7-9EC9-E3050A5858CA}.Release|x64.Build.0 = Release|x64
		{50934926-BB81-4CE7-9EC9-E3050A5858CA}.Release|x86.ActiveCfg = Release|Win32
		{50934926-BB81-4CE7-9EC9-E3050A5858CA}.Release|x86.Build.0 = Release|Win32
		{9104E04A-6BDF-4416-9DE0-50D2E949D311}.Debug|x64.ActiveCfg = Debug|x64
		{9104E04A-6BDF-4416-9DE0-50D2E949D311}.Debug|x64.Build.0 = Debug|x64
		{9104E04A-6BDF-4416-9DE0-50D2E949D311}.Debug|x86.ActiveCfg = Debug|Win32
		{9104E04A-6BDF-4416-9DE0-50D2E949D311}.Debug|x86.Build.0 = Debug|Win32
		{9104E04A-6BDF-4416-9DE0-50D2E949D311}.Release|x64.ActiveCfg = Release|x64
		{9104E04A-6BDF-4416-9DE0-50D2E949D311}.Release|x64.Build.0 = Release|x64
		{9104E04A-6BDF-4416-9DE0-50D2E949D311}.Release|x86.ActiveCfg = Release|Win32
		{9104E04A-6BDF-4416-9DE0-50D2E949D311}.Release|x86.Build.0 = Release|Win32
	EndGlobalSection
	GlobalSection(SolutionProperties) = preSolution
		HideSolutionNode = FALSE
	EndGlobalSection
	GlobalSection(ExtensibilityGlobals) = postSolution
		SolutionGuid = {D01134D5-2E91-42E5-A668-5A9FB9A806AA}
	EndGlobalSection
EndGlobal
